
Microsoft Visual Studio Solution File, Format Version 12.00
# Visual Studio Version 16
VisualStudioVersion = 16.0.30204.135
MinimumVisualStudioVersion = 10.0.40219.1
Project("{FAE04EC0-301F-11D3-BF4B-00C04F79EFBC}") = "Halo Tools", "Halo Tools\Halo Tools.csproj", "{92CC6E78-6722-472C-B350-B53C171F8C07}"
	ProjectSection(ProjectDependencies) = postProject
		{BE24ECD7-E021-41B5-83E0-2BEC49E7663B} = {BE24ECD7-E021-41B5-83E0-2BEC49E7663B}
	EndProjectSection
EndProject
Project("{8BC9CEB8-8B4A-11D0-8D11-00A0C91BC942}") = "HaloDirector", "HaloDirector\HaloDirector.vcxproj", "{BE24ECD7-E021-41B5-83E0-2BEC49E7663B}"
EndProject
Global
	GlobalSection(SolutionConfigurationPlatforms) = preSolution
		Debug|Any CPU = Debug|Any CPU
		Debug|x64 = Debug|x64
		Debug|x86 = Debug|x86
		Release|Any CPU = Release|Any CPU
		Release|x64 = Release|x64
		Release|x86 = Release|x86
	EndGlobalSection
	GlobalSection(ProjectConfigurationPlatforms) = postSolution
		{92CC6E78-6722-472C-B350-B53C171F8C07}.Debug|Any CPU.ActiveCfg = Debug|Any CPU
		{92CC6E78-6722-472C-B350-B53C171F8C07}.Debug|Any CPU.Build.0 = Debug|Any CPU
		{92CC6E78-6722-472C-B350-B53C171F8C07}.Debug|x64.ActiveCfg = Debug|x64
		{92CC6E78-6722-472C-B350-B53C171F8C07}.Debug|x64.Build.0 = Debug|x64
		{92CC6E78-6722-472C-B350-B53C171F8C07}.Debug|x86.ActiveCfg = Debug|Any CPU
		{92CC6E78-6722-472C-B350-B53C171F8C07}.Debug|x86.Build.0 = Debug|Any CPU
		{92CC6E78-6722-472C-B350-B53C171F8C07}.Release|Any CPU.ActiveCfg = Release|Any CPU
		{92CC6E78-6722-472C-B350-B53C171F8C07}.Release|Any CPU.Build.0 = Release|Any CPU
		{92CC6E78-6722-472C-B350-B53C171F8C07}.Release|x64.ActiveCfg = Release|x64
		{92CC6E78-6722-472C-B350-B53C171F8C07}.Release|x64.Build.0 = Release|x64
		{92CC6E78-6722-472C-B350-B53C171F8C07}.Release|x86.ActiveCfg = Release|Any CPU
		{92CC6E78-6722-472C-B350-B53C171F8C07}.Release|x86.Build.0 = Release|Any CPU
		{BE24ECD7-E021-41B5-83E0-2BEC49E7663B}.Debug|Any CPU.ActiveCfg = Debug|Win32
		{BE24ECD7-E021-41B5-83E0-2BEC49E7663B}.Debug|x64.ActiveCfg = Debug|x64
		{BE24ECD7-E021-41B5-83E0-2BEC49E7663B}.Debug|x64.Build.0 = Debug|x64
		{BE24ECD7-E021-41B5-83E0-2BEC49E7663B}.Debug|x86.ActiveCfg = Debug|Win32
		{BE24ECD7-E021-41B5-83E0-2BEC49E7663B}.Debug|x86.Build.0 = Debug|Win32
		{BE24ECD7-E021-41B5-83E0-2BEC49E7663B}.Release|Any CPU.ActiveCfg = Release|Win32
		{BE24ECD7-E021-41B5-83E0-2BEC49E7663B}.Release|x64.ActiveCfg = Release|x64
		{BE24ECD7-E021-41B5-83E0-2BEC49E7663B}.Release|x64.Build.0 = Release|x64
		{BE24ECD7-E021-41B5-83E0-2BEC49E7663B}.Release|x86.ActiveCfg = Release|Win32
		{BE24ECD7-E021-41B5-83E0-2BEC49E7663B}.Release|x86.Build.0 = Release|Win32
	EndGlobalSection
	GlobalSection(SolutionProperties) = preSolution
		HideSolutionNode = FALSE
	EndGlobalSection
	GlobalSection(ExtensibilityGlobals) = postSolution
		SolutionGuid = {B2410DA4-90C2-4248-B00D-61F29552D511}
	EndGlobalSection
EndGlobal
